// !$*UTF8*$!
{
	archiveVersion = 1;
	classes = {
	};
	objectVersion = 77;
	objects = {

/* Begin PBXBuildFile section */
		652EFED92E93BD8900669176 /* GBADeltaCore.framework in Frameworks */ = {isa = PBXBuildFile; fileRef = 652EFED62E93B74D00669176 /* GBADeltaCore.framework */; };
		652EFEDA2E93BD8900669176 /* GBADeltaCore.framework in Embed Frameworks */ = {isa = PBXBuildFile; fileRef = 652EFED62E93B74D00669176 /* GBADeltaCore.framework */; settings = {ATTRIBUTES = (CodeSignOnCopy, RemoveHeadersOnCopy, ); }; };
		65CA65A02E8E31E1008374B5 /* NESDeltaCore.framework in Frameworks */ = {isa = PBXBuildFile; fileRef = 65CA65842E8E25B5008374B5 /* NESDeltaCore.framework */; };
		65CA65A12E8E31E1008374B5 /* NESDeltaCore.framework in Embed Frameworks */ = {isa = PBXBuildFile; fileRef = 65CA65842E8E25B5008374B5 /* NESDeltaCore.framework */; settings = {ATTRIBUTES = (CodeSignOnCopy, RemoveHeadersOnCopy, ); }; };
		65CB1B952E91355B008A7E49 /* GBCDeltaCore.framework in Frameworks */ = {isa = PBXBuildFile; fileRef = 65CB1B922E91354E008A7E49 /* GBCDeltaCore.framework */; };
		65CB1B962E91355B008A7E49 /* GBCDeltaCore.framework in Embed Frameworks */ = {isa = PBXBuildFile; fileRef = 65CB1B922E91354E008A7E49 /* GBCDeltaCore.framework */; settings = {ATTRIBUTES = (CodeSignOnCopy, RemoveHeadersOnCopy, ); }; };
		65CB1BB22E914D37008A7E49 /* GPGXDeltaCore.framework in Frameworks */ = {isa = PBXBuildFile; fileRef = 65CB1BAF2E914D30008A7E49 /* GPGXDeltaCore.framework */; };
		65CB1BB32E914D37008A7E49 /* GPGXDeltaCore.framework in Embed Frameworks */ = {isa = PBXBuildFile; fileRef = 65CB1BAF2E914D30008A7E49 /* GPGXDeltaCore.framework */; settings = {ATTRIBUTES = (CodeSignOnCopy, RemoveHeadersOnCopy, ); }; };
		F490BC852E83D377001F129E /* DeltaCore.framework in Frameworks */ = {isa = PBXBuildFile; fileRef = F490BC3E2E83A04A001F129E /* DeltaCore.framework */; };
		F490BC862E83D377001F129E /* DeltaCore.framework in Embed Frameworks */ = {isa = PBXBuildFile; fileRef = F490BC3E2E83A04A001F129E /* DeltaCore.framework */; settings = {ATTRIBUTES = (CodeSignOnCopy, RemoveHeadersOnCopy, ); }; };
		F4D073B42E83F5DA00A8DB4C /* SNESDeltaCore.framework in Frameworks */ = {isa = PBXBuildFile; fileRef = F4D073B12E83F5D300A8DB4C /* SNESDeltaCore.framework */; };
		F4D073B52E83F5DA00A8DB4C /* SNESDeltaCore.framework in Embed Frameworks */ = {isa = PBXBuildFile; fileRef = F4D073B12E83F5D300A8DB4C /* SNESDeltaCore.framework */; settings = {ATTRIBUTES = (CodeSignOnCopy, RemoveHeadersOnCopy, ); }; };
		F4D074BA2E859E3100A8DB4C /* Roxas.framework in Frameworks */ = {isa = PBXBuildFile; fileRef = F4D074B52E859E2500A8DB4C /* Roxas.framework */; };
		F4D074BB2E859E3100A8DB4C /* Roxas.framework in Embed Frameworks */ = {isa = PBXBuildFile; fileRef = F4D074B52E859E2500A8DB4C /* Roxas.framework */; settings = {ATTRIBUTES = (CodeSignOnCopy, RemoveHeadersOnCopy, ); }; };
/* End PBXBuildFile section */

/* Begin PBXContainerItemProxy section */
		652EFED52E93B74D00669176 /* PBXContainerItemProxy */ = {
			isa = PBXContainerItemProxy;
			containerPortal = 652EFECF2E93B74C00669176 /* GBADeltaCore.xcodeproj */;
			proxyType = 2;
			remoteGlobalIDString = BFE8E9CA1D010AF7009D623D;
			remoteInfo = GBADeltaCore;
		};
		65CA65832E8E25B5008374B5 /* PBXContainerItemProxy */ = {
			isa = PBXContainerItemProxy;
			containerPortal = F490BC5E2E83C9CF001F129E /* NESDeltaCore.xcodeproj */;
			proxyType = 2;
			remoteGlobalIDString = BF3C12F320438F3F0079A4B5;
			remoteInfo = NESDeltaCore;
		};
		65CB1B912E91354E008A7E49 /* PBXContainerItemProxy */ = {
			isa = PBXContainerItemProxy;
			containerPortal = 65CB1B8C2E91354E008A7E49 /* GBCDeltaCore.xcodeproj */;
			proxyType = 2;
			remoteGlobalIDString = BF8F2AAE1E9C879300F89F15;
			remoteInfo = GBCDeltaCore;
		};
		65CB1BAE2E914D30008A7E49 /* PBXContainerItemProxy */ = {
			isa = PBXContainerItemProxy;
			containerPortal = 65CB1BA82E914D2F008A7E49 /* GPGXDeltaCore.xcodeproj */;
			proxyType = 2;
			remoteGlobalIDString = D5DF87212E25A670005CCF92;
			remoteInfo = GPGXDeltaCore;
		};
		F490BC3D2E83A04A001F129E /* PBXContainerItemProxy */ = {
			isa = PBXContainerItemProxy;
			containerPortal = F490BB832E830D72001F129E /* DeltaCore.xcodeproj */;
			proxyType = 2;
			remoteGlobalIDString = BF46895D1AACF36800A2586D;
			remoteInfo = DeltaCore;
		};
		F4D073B02E83F5D300A8DB4C /* PBXContainerItemProxy */ = {
			isa = PBXContainerItemProxy;
			containerPortal = F4D073AA2E83F5D300A8DB4C /* SNESDeltaCore.xcodeproj */;
			proxyType = 2;
			remoteGlobalIDString = BF9F4FDC1AAD8070004C9500;
			remoteInfo = SNESDeltaCore;
		};
		F4D074B42E859E2500A8DB4C /* PBXContainerItemProxy */ = {
			isa = PBXContainerItemProxy;
			containerPortal = F4D074AE2E859E2500A8DB4C /* Roxas.xcodeproj */;
			proxyType = 2;
			remoteGlobalIDString = BFADAFF819AE7BB70050CF31;
			remoteInfo = Roxas;
		};
/* End PBXContainerItemProxy section */

/* Begin PBXCopyFilesBuildPhase section */
		F45A86CF2E82E6D300744A9F /* Embed Frameworks */ = {
			isa = PBXCopyFilesBuildPhase;
			buildActionMask = 2147483647;
			dstPath = "";
			dstSubfolderSpec = 10;
			files = (
				F490BC862E83D377001F129E /* DeltaCore.framework in Embed Frameworks */,
				65CB1B962E91355B008A7E49 /* GBCDeltaCore.framework in Embed Frameworks */,
				F4D074BB2E859E3100A8DB4C /* Roxas.framework in Embed Frameworks */,
				F4D073B52E83F5DA00A8DB4C /* SNESDeltaCore.framework in Embed Frameworks */,
				65CB1BB32E914D37008A7E49 /* GPGXDeltaCore.framework in Embed Frameworks */,
				65CA65A12E8E31E1008374B5 /* NESDeltaCore.framework in Embed Frameworks */,
				652EFEDA2E93BD8900669176 /* GBADeltaCore.framework in Embed Frameworks */,
			);
			name = "Embed Frameworks";
			runOnlyForDeploymentPostprocessing = 0;
		};
/* End PBXCopyFilesBuildPhase section */

/* Begin PBXFileReference section */
		652EFECF2E93B74C00669176 /* GBADeltaCore.xcodeproj */ = {isa = PBXFileReference; lastKnownFileType = "wrapper.pb-project"; name = GBADeltaCore.xcodeproj; path = Cores/GBADeltaCore/GBADeltaCore.xcodeproj; sourceTree = "<group>"; };
		65CB1B8C2E91354E008A7E49 /* GBCDeltaCore.xcodeproj */ = {isa = PBXFileReference; lastKnownFileType = "wrapper.pb-project"; name = GBCDeltaCore.xcodeproj; path = Cores/GBCDeltaCore/GBCDeltaCore.xcodeproj; sourceTree = "<group>"; };
		65CB1BA82E914D2F008A7E49 /* GPGXDeltaCore.xcodeproj */ = {isa = PBXFileReference; lastKnownFileType = "wrapper.pb-project"; name = GPGXDeltaCore.xcodeproj; path = Cores/GPGXDeltaCore/GPGXDeltaCore.xcodeproj; sourceTree = "<group>"; };
		F45A79522E7FD08400744A9F /* GameEmulator.app */ = {isa = PBXFileReference; explicitFileType = wrapper.application; includeInIndex = 0; path = GameEmulator.app; sourceTree = BUILT_PRODUCTS_DIR; };
		F490BB832E830D72001F129E /* DeltaCore.xcodeproj */ = {isa = PBXFileReference; lastKnownFileType = "wrapper.pb-project"; name = DeltaCore.xcodeproj; path = Cores/DeltaCore/DeltaCore.xcodeproj; sourceTree = "<group>"; };
		F490BC5E2E83C9CF001F129E /* NESDeltaCore.xcodeproj */ = {isa = PBXFileReference; lastKnownFileType = "wrapper.pb-project"; name = NESDeltaCore.xcodeproj; path = Cores/NESDeltaCore/NESDeltaCore.xcodeproj; sourceTree = "<group>"; };
		F4D073AA2E83F5D300A8DB4C /* SNESDeltaCore.xcodeproj */ = {isa = PBXFileReference; lastKnownFileType = "wrapper.pb-project"; name = SNESDeltaCore.xcodeproj; path = Cores/SNESDeltaCore/SNESDeltaCore.xcodeproj; sourceTree = "<group>"; };
		F4D074AE2E859E2500A8DB4C /* Roxas.xcodeproj */ = {isa = PBXFileReference; lastKnownFileType = "wrapper.pb-project"; name = Roxas.xcodeproj; path = Cores/Roxas/Roxas.xcodeproj; sourceTree = "<group>"; };
/* End PBXFileReference section */

/* Begin PBXFileSystemSynchronizedRootGroup section */
		F45A79542E7FD08400744A9F /* GameEmulator */ = {
			isa = PBXFileSystemSynchronizedRootGroup;
			path = GameEmulator;
			sourceTree = "<group>";
		};
/* End PBXFileSystemSynchronizedRootGroup section */

/* Begin PBXFrameworksBuildPhase section */
		F45A794F2E7FD08400744A9F /* Frameworks */ = {
			isa = PBXFrameworksBuildPhase;
			buildActionMask = 2147483647;
			files = (
				F490BC852E83D377001F129E /* DeltaCore.framework in Frameworks */,
				65CB1B952E91355B008A7E49 /* GBCDeltaCore.framework in Frameworks */,
				F4D074BA2E859E3100A8DB4C /* Roxas.framework in Frameworks */,
				F4D073B42E83F5DA00A8DB4C /* SNESDeltaCore.framework in Frameworks */,
				65CB1BB22E914D37008A7E49 /* GPGXDeltaCore.framework in Frameworks */,
				65CA65A02E8E31E1008374B5 /* NESDeltaCore.framework in Frameworks */,
				652EFED92E93BD8900669176 /* GBADeltaCore.framework in Frameworks */,
			);
			runOnlyForDeploymentPostprocessing = 0;
		};
/* End PBXFrameworksBuildPhase section */

/* Begin PBXGroup section */
		652EFED02E93B74C00669176 /* Products */ = {
			isa = PBXGroup;
			children = (
				652EFED62E93B74D00669176 /* GBADeltaCore.framework */,
			);
			name = Products;
			sourceTree = "<group>";
		};
		65CB1B8D2E91354E008A7E49 /* Products */ = {
			isa = PBXGroup;
			children = (
				65CB1B922E91354E008A7E49 /* GBCDeltaCore.framework */,
			);
			name = Products;
			sourceTree = "<group>";
		};
		65CB1BA92E914D2F008A7E49 /* Products */ = {
			isa = PBXGroup;
			children = (
				65CB1BAF2E914D30008A7E49 /* GPGXDeltaCore.framework */,
			);
			name = Products;
			sourceTree = "<group>";
		};
		F45A79492E7FD08400744A9F = {
			isa = PBXGroup;
			children = (
				F45A79542E7FD08400744A9F /* GameEmulator */,
				F45A796F2E82E6C600744A9F /* Frameworks */,
				F45A79532E7FD08400744A9F /* Products */,
			);
			sourceTree = "<group>";
		};
		F45A79532E7FD08400744A9F /* Products */ = {
			isa = PBXGroup;
			children = (
				F45A79522E7FD08400744A9F /* GameEmulator.app */,
			);
			name = Products;
			sourceTree = "<group>";
		};
		F45A796F2E82E6C600744A9F /* Frameworks */ = {
			isa = PBXGroup;
			children = (
				652EFECF2E93B74C00669176 /* GBADeltaCore.xcodeproj */,
				65CB1BA82E914D2F008A7E49 /* GPGXDeltaCore.xcodeproj */,
				65CB1B8C2E91354E008A7E49 /* GBCDeltaCore.xcodeproj */,
				F4D074AE2E859E2500A8DB4C /* Roxas.xcodeproj */,
				F4D073AA2E83F5D300A8DB4C /* SNESDeltaCore.xcodeproj */,
				F490BC5E2E83C9CF001F129E /* NESDeltaCore.xcodeproj */,
				F490BB832E830D72001F129E /* DeltaCore.xcodeproj */,
			);
			name = Frameworks;
			sourceTree = "<group>";
		};
		F490BB842E830D72001F129E /* Products */ = {
			isa = PBXGroup;
			children = (
				F490BC3E2E83A04A001F129E /* DeltaCore.framework */,
			);
			name = Products;
			sourceTree = "<group>";
		};
		F490BC5F2E83C9CF001F129E /* Products */ = {
			isa = PBXGroup;
			children = (
				65CA65842E8E25B5008374B5 /* NESDeltaCore.framework */,
			);
			name = Products;
			sourceTree = "<group>";
		};
		F4D073AB2E83F5D300A8DB4C /* Products */ = {
			isa = PBXGroup;
			children = (
				F4D073B12E83F5D300A8DB4C /* SNESDeltaCore.framework */,
			);
			name = Products;
			sourceTree = "<group>";
		};
		F4D074AF2E859E2500A8DB4C /* Products */ = {
			isa = PBXGroup;
			children = (
				F4D074B52E859E2500A8DB4C /* Roxas.framework */,
			);
			name = Products;
			sourceTree = "<group>";
		};
/* End PBXGroup section */

/* Begin PBXNativeTarget section */
		F45A79512E7FD08400744A9F /* GameEmulator */ = {
			isa = PBXNativeTarget;
			buildConfigurationList = F45A79602E7FD08600744A9F /* Build configuration list for PBXNativeTarget "GameEmulator" */;
			buildPhases = (
				F45A794E2E7FD08400744A9F /* Sources */,
				F45A794F2E7FD08400744A9F /* Frameworks */,
				F45A79502E7FD08400744A9F /* Resources */,
				F45A86CF2E82E6D300744A9F /* Embed Frameworks */,
			);
			buildRules = (
			);
			dependencies = (
			);
			fileSystemSynchronizedGroups = (
				F45A79542E7FD08400744A9F /* GameEmulator */,
			);
			name = GameEmulator;
			packageProductDependencies = (
			);
			productName = GameEmulator;
			productReference = F45A79522E7FD08400744A9F /* GameEmulator.app */;
			productType = "com.apple.product-type.application";
		};
/* End PBXNativeTarget section */

/* Begin PBXProject section */
		F45A794A2E7FD08400744A9F /* Project object */ = {
			isa = PBXProject;
			attributes = {
				BuildIndependentTargetsInParallel = 1;
				LastSwiftUpdateCheck = 1610;
				LastUpgradeCheck = 2600;
				TargetAttributes = {
					F45A79512E7FD08400744A9F = {
						CreatedOnToolsVersion = 16.1;
					};
				};
			};
			buildConfigurationList = F45A794D2E7FD08400744A9F /* Build configuration list for PBXProject "GameEmulator" */;
			developmentRegion = en;
			hasScannedForEncodings = 0;
			knownRegions = (
				en,
				Base,
			);
			mainGroup = F45A79492E7FD08400744A9F;
			minimizedProjectReferenceProxies = 1;
			packageReferences = (
			);
			preferredProjectObjectVersion = 77;
			productRefGroup = F45A79532E7FD08400744A9F /* Products */;
			projectDirPath = "";
			projectReferences = (
				{
					ProductGroup = F490BB842E830D72001F129E /* Products */;
					ProjectRef = F490BB832E830D72001F129E /* DeltaCore.xcodeproj */;
				},
				{
					ProductGroup = 652EFED02E93B74C00669176 /* Products */;
					ProjectRef = 652EFECF2E93B74C00669176 /* GBADeltaCore.xcodeproj */;
				},
				{
					ProductGroup = 65CB1B8D2E91354E008A7E49 /* Products */;
					ProjectRef = 65CB1B8C2E91354E008A7E49 /* GBCDeltaCore.xcodeproj */;
				},
				{
					ProductGroup = 65CB1BA92E914D2F008A7E49 /* Products */;
					ProjectRef = 65CB1BA82E914D2F008A7E49 /* GPGXDeltaCore.xcodeproj */;
				},
				{
					ProductGroup = F490BC5F2E83C9CF001F129E /* Products */;
					ProjectRef = F490BC5E2E83C9CF001F129E /* NESDeltaCore.xcodeproj */;
				},
				{
					ProductGroup = F4D074AF2E859E2500A8DB4C /* Products */;
					ProjectRef = F4D074AE2E859E2500A8DB4C /* Roxas.xcodeproj */;
				},
				{
					ProductGroup = F4D073AB2E83F5D300A8DB4C /* Products */;
					ProjectRef = F4D073AA2E83F5D300A8DB4C /* SNESDeltaCore.xcodeproj */;
				},
			);
			projectRoot = "";
			targets = (
				F45A79512E7FD08400744A9F /* GameEmulator */,
			);
		};
/* End PBXProject section */

/* Begin PBXReferenceProxy section */
		652EFED62E93B74D00669176 /* GBADeltaCore.framework */ = {
			isa = PBXReferenceProxy;
			fileType = wrapper.framework;
			path = GBADeltaCore.framework;
			remoteRef = 652EFED52E93B74D00669176 /* PBXContainerItemProxy */;
			sourceTree = BUILT_PRODUCTS_DIR;
		};
		65CA65842E8E25B5008374B5 /* NESDeltaCore.framework */ = {
			isa = PBXReferenceProxy;
			fileType = wrapper.framework;
			path = NESDeltaCore.framework;
			remoteRef = 65CA65832E8E25B5008374B5 /* PBXContainerItemProxy */;
			sourceTree = BUILT_PRODUCTS_DIR;
		};
		65CB1B922E91354E008A7E49 /* GBCDeltaCore.framework */ = {
			isa = PBXReferenceProxy;
			fileType = wrapper.framework;
			path = GBCDeltaCore.framework;
			remoteRef = 65CB1B912E91354E008A7E49 /* PBXContainerItemProxy */;
			sourceTree = BUILT_PRODUCTS_DIR;
		};
		65CB1BAF2E914D30008A7E49 /* GPGXDeltaCore.framework */ = {
			isa = PBXReferenceProxy;
			fileType = wrapper.framework;
			path = GPGXDeltaCore.framework;
			remoteRef = 65CB1BAE2E914D30008A7E49 /* PBXContainerItemProxy */;
			sourceTree = BUILT_PRODUCTS_DIR;
		};
		F490BC3E2E83A04A001F129E /* DeltaCore.framework */ = {
			isa = PBXReferenceProxy;
			fileType = wrapper.framework;
			path = DeltaCore.framework;
			remoteRef = F490BC3D2E83A04A001F129E /* PBXContainerItemProxy */;
			sourceTree = BUILT_PRODUCTS_DIR;
		};
		F4D073B12E83F5D300A8DB4C /* SNESDeltaCore.framework */ = {
			isa = PBXReferenceProxy;
			fileType = wrapper.framework;
			path = SNESDeltaCore.framework;
			remoteRef = F4D073B02E83F5D300A8DB4C /* PBXContainerItemProxy */;
			sourceTree = BUILT_PRODUCTS_DIR;
		};
		F4D074B52E859E2500A8DB4C /* Roxas.framework */ = {
			isa = PBXReferenceProxy;
			fileType = wrapper.framework;
			path = Roxas.framework;
			remoteRef = F4D074B42E859E2500A8DB4C /* PBXContainerItemProxy */;
			sourceTree = BUILT_PRODUCTS_DIR;
		};
/* End PBXReferenceProxy section */

/* Begin PBXResourcesBuildPhase section */
		F45A79502E7FD08400744A9F /* Resources */ = {
			isa = PBXResourcesBuildPhase;
			buildActionMask = 2147483647;
			files = (
			);
			runOnlyForDeploymentPostprocessing = 0;
		};
/* End PBXResourcesBuildPhase section */

/* Begin PBXSourcesBuildPhase section */
		F45A794E2E7FD08400744A9F /* Sources */ = {
			isa = PBXSourcesBuildPhase;
			buildActionMask = 2147483647;
			files = (
			);
			runOnlyForDeploymentPostprocessing = 0;
		};
/* End PBXSourcesBuildPhase section */

/* Begin XCBuildConfiguration section */
		F45A795E2E7FD08600744A9F /* Debug */ = {
			isa = XCBuildConfiguration;
			buildSettings = {
				ALWAYS_SEARCH_USER_PATHS = NO;
				ASSETCATALOG_COMPILER_GENERATE_SWIFT_ASSET_SYMBOL_EXTENSIONS = YES;
				CLANG_ANALYZER_NONNULL = YES;
				CLANG_ANALYZER_NUMBER_OBJECT_CONVERSION = YES_AGGRESSIVE;
				CLANG_CXX_LANGUAGE_STANDARD = "gnu++20";
				CLANG_ENABLE_MODULES = YES;
				CLANG_ENABLE_OBJC_ARC = YES;
				CLANG_ENABLE_OBJC_WEAK = YES;
				CLANG_WARN_BLOCK_CAPTURE_AUTORELEASING = YES;
				CLANG_WARN_BOOL_CONVERSION = YES;
				CLANG_WARN_COMMA = YES;
				CLANG_WARN_CONSTANT_CONVERSION = YES;
				CLANG_WARN_DEPRECATED_OBJC_IMPLEMENTATIONS = YES;
				CLANG_WARN_DIRECT_OBJC_ISA_USAGE = YES_ERROR;
				CLANG_WARN_DOCUMENTATION_COMMENTS = YES;
				CLANG_WARN_EMPTY_BODY = YES;
				CLANG_WARN_ENUM_CONVERSION = YES;
				CLANG_WARN_INFINITE_RECURSION = YES;
				CLANG_WARN_INT_CONVERSION = YES;
				CLANG_WARN_NON_LITERAL_NULL_CONVERSION = YES;
				CLANG_WARN_OBJC_IMPLICIT_RETAIN_SELF = YES;
				CLANG_WARN_OBJC_LITERAL_CONVERSION = YES;
				CLANG_WARN_OBJC_ROOT_CLASS = YES_ERROR;
				CLANG_WARN_QUOTED_INCLUDE_IN_FRAMEWORK_HEADER = YES;
				CLANG_WARN_RANGE_LOOP_ANALYSIS = YES;
				CLANG_WARN_STRICT_PROTOTYPES = YES;
				CLANG_WARN_SUSPICIOUS_MOVE = YES;
				CLANG_WARN_UNGUARDED_AVAILABILITY = YES_AGGRESSIVE;
				CLANG_WARN_UNREACHABLE_CODE = YES;
				CLANG_WARN__DUPLICATE_METHOD_MATCH = YES;
				COPY_PHASE_STRIP = NO;
				DEBUG_INFORMATION_FORMAT = dwarf;
				DEVELOPMENT_TEAM = WDU3932C9B;
				ENABLE_STRICT_OBJC_MSGSEND = YES;
				ENABLE_TESTABILITY = YES;
				ENABLE_USER_SCRIPT_SANDBOXING = YES;
				GCC_C_LANGUAGE_STANDARD = gnu17;
				GCC_DYNAMIC_NO_PIC = NO;
				GCC_NO_COMMON_BLOCKS = YES;
				GCC_OPTIMIZATION_LEVEL = 0;
				GCC_PREPROCESSOR_DEFINITIONS = (
					"DEBUG=1",
					"$(inherited)",
				);
				GCC_WARN_64_TO_32_BIT_CONVERSION = YES;
				GCC_WARN_ABOUT_RETURN_TYPE = YES_ERROR;
				GCC_WARN_UNDECLARED_SELECTOR = YES;
				GCC_WARN_UNINITIALIZED_AUTOS = YES_AGGRESSIVE;
				GCC_WARN_UNUSED_FUNCTION = YES;
				GCC_WARN_UNUSED_VARIABLE = YES;
				IPHONEOS_DEPLOYMENT_TARGET = 18.1;
				LOCALIZATION_PREFERS_STRING_CATALOGS = YES;
				MTL_ENABLE_DEBUG_INFO = INCLUDE_SOURCE;
				MTL_FAST_MATH = YES;
				ONLY_ACTIVE_ARCH = YES;
				SDKROOT = iphoneos;
				STRING_CATALOG_GENERATE_SYMBOLS = YES;
				SWIFT_ACTIVE_COMPILATION_CONDITIONS = "DEBUG $(inherited)";
				SWIFT_OPTIMIZATION_LEVEL = "-Onone";
			};
			name = Debug;
		};
		F45A795F2E7FD08600744A9F /* Release */ = {
			isa = XCBuildConfiguration;
			buildSettings = {
				ALWAYS_SEARCH_USER_PATHS = NO;
				ASSETCATALOG_COMPILER_GENERATE_SWIFT_ASSET_SYMBOL_EXTENSIONS = YES;
				CLANG_ANALYZER_NONNULL = YES;
				CLANG_ANALYZER_NUMBER_OBJECT_CONVERSION = YES_AGGRESSIVE;
				CLANG_CXX_LANGUAGE_STANDARD = "gnu++20";
				CLANG_ENABLE_MODULES = YES;
				CLANG_ENABLE_OBJC_ARC = YES;
				CLANG_ENABLE_OBJC_WEAK = YES;
				CLANG_WARN_BLOCK_CAPTURE_AUTORELEASING = YES;
				CLANG_WARN_BOOL_CONVERSION = YES;
				CLANG_WARN_COMMA = YES;
				CLANG_WARN_CONSTANT_CONVERSION = YES;
				CLANG_WARN_DEPRECATED_OBJC_IMPLEMENTATIONS = YES;
				CLANG_WARN_DIRECT_OBJC_ISA_USAGE = YES_ERROR;
				CLANG_WARN_DOCUMENTATION_COMMENTS = YES;
				CLANG_WARN_EMPTY_BODY = YES;
				CLANG_WARN_ENUM_CONVERSION = YES;
				CLANG_WARN_INFINITE_RECURSION = YES;
				CLANG_WARN_INT_CONVERSION = YES;
				CLANG_WARN_NON_LITERAL_NULL_CONVERSION = YES;
				CLANG_WARN_OBJC_IMPLICIT_RETAIN_SELF = YES;
				CLANG_WARN_OBJC_LITERAL_CONVERSION = YES;
				CLANG_WARN_OBJC_ROOT_CLASS = YES_ERROR;
				CLANG_WARN_QUOTED_INCLUDE_IN_FRAMEWORK_HEADER = YES;
				CLANG_WARN_RANGE_LOOP_ANALYSIS = YES;
				CLANG_WARN_STRICT_PROTOTYPES = YES;
				CLANG_WARN_SUSPICIOUS_MOVE = YES;
				CLANG_WARN_UNGUARDED_AVAILABILITY = YES_AGGRESSIVE;
				CLANG_WARN_UNREACHABLE_CODE = YES;
				CLANG_WARN__DUPLICATE_METHOD_MATCH = YES;
				COPY_PHASE_STRIP = NO;
				DEBUG_INFORMATION_FORMAT = "dwarf-with-dsym";
				DEVELOPMENT_TEAM = WDU3932C9B;
				ENABLE_NS_ASSERTIONS = NO;
				ENABLE_STRICT_OBJC_MSGSEND = YES;
				ENABLE_USER_SCRIPT_SANDBOXING = YES;
				GCC_C_LANGUAGE_STANDARD = gnu17;
				GCC_NO_COMMON_BLOCKS = YES;
				GCC_WARN_64_TO_32_BIT_CONVERSION = YES;
				GCC_WARN_ABOUT_RETURN_TYPE = YES_ERROR;
				GCC_WARN_UNDECLARED_SELECTOR = YES;
				GCC_WARN_UNINITIALIZED_AUTOS = YES_AGGRESSIVE;
				GCC_WARN_UNUSED_FUNCTION = YES;
				GCC_WARN_UNUSED_VARIABLE = YES;
				IPHONEOS_DEPLOYMENT_TARGET = 18.1;
				LOCALIZATION_PREFERS_STRING_CATALOGS = YES;
				MTL_ENABLE_DEBUG_INFO = NO;
				MTL_FAST_MATH = YES;
				SDKROOT = iphoneos;
				STRING_CATALOG_GENERATE_SYMBOLS = YES;
				SWIFT_COMPILATION_MODE = wholemodule;
				VALIDATE_PRODUCT = YES;
			};
			name = Release;
		};
		F45A79612E7FD08600744A9F /* Debug */ = {
			isa = XCBuildConfiguration;
			buildSettings = {
				ASSETCATALOG_COMPILER_APPICON_NAME = AppIcon;
				ASSETCATALOG_COMPILER_GLOBAL_ACCENT_COLOR_NAME = AccentColor;
				CODE_SIGN_STYLE = Automatic;
				CURRENT_PROJECT_VERSION = 1;
				DEVELOPMENT_ASSET_PATHS = "\"GameEmulator/Preview Content\"";
				ENABLE_PREVIEWS = YES;
				GENERATE_INFOPLIST_FILE = YES;
				HEADER_SEARCH_PATHS = (
					"$(inherited)",
					"$(SRCROOT)/Cores/SNESDeltaCore/snes9x",
					"$(SRCROOT)/Cores/SNESDeltaCore/snes9x/apu",
					"$(SRCROOT)/Cores/SNESDeltaCore/snes9x/apu/bapu",
				);
				INFOPLIST_KEY_UIApplicationSceneManifest_Generation = YES;
				INFOPLIST_KEY_UIApplicationSupportsIndirectInputEvents = YES;
				INFOPLIST_KEY_UILaunchScreen_Generation = YES;
				INFOPLIST_KEY_UISupportedInterfaceOrientations = "UIInterfaceOrientationLandscapeLeft UIInterfaceOrientationLandscapeRight UIInterfaceOrientationPortrait UIInterfaceOrientationPortraitUpsideDown";
				IPHONEOS_DEPLOYMENT_TARGET = 15.0;
				LD_RUNPATH_SEARCH_PATHS = (
					"$(inherited)",
					"@executable_path/Frameworks",
				);
				MARKETING_VERSION = 1.0;
				PRODUCT_BUNDLE_IDENTIFIER = com.devgacon.GameEmulator;
				PRODUCT_NAME = "$(TARGET_NAME)";
				SUPPORTED_PLATFORMS = "iphoneos iphonesimulator";
				SUPPORTS_MACCATALYST = NO;
				SUPPORTS_MAC_DESIGNED_FOR_IPHONE_IPAD = NO;
				SUPPORTS_XR_DESIGNED_FOR_IPHONE_IPAD = NO;
				SWIFT_EMIT_LOC_STRINGS = YES;
				SWIFT_OBJC_BRIDGING_HEADER = "GameEmulator/GameEmulator-Bridging-Header.h";
				SWIFT_VERSION = 5.0;
				TARGETED_DEVICE_FAMILY = 1;
			};
			name = Debug;
		};
		F45A79622E7FD08600744A9F /* Release */ = {
			isa = XCBuildConfiguration;
			buildSettings = {
				ASSETCATALOG_COMPILER_APPICON_NAME = AppIcon;
				ASSETCATALOG_COMPILER_GLOBAL_ACCENT_COLOR_NAME = AccentColor;
				CODE_SIGN_STYLE = Automatic;
				CURRENT_PROJECT_VERSION = 1;
				DEVELOPMENT_ASSET_PATHS = "\"GameEmulator/Preview Content\"";
				ENABLE_PREVIEWS = YES;
				GENERATE_INFOPLIST_FILE = YES;
				HEADER_SEARCH_PATHS = (
					"$(inherited)",
					"$(SRCROOT)/Cores/SNESDeltaCore/snes9x",
					"$(SRCROOT)/Cores/SNESDeltaCore/snes9x/apu",
					"$(SRCROOT)/Cores/SNESDeltaCore/snes9x/apu/bapu",
				);
				INFOPLIST_KEY_UIApplicationSceneManifest_Generation = YES;
				INFOPLIST_KEY_UIApplicationSupportsIndirectInputEvents = YES;
				INFOPLIST_KEY_UILaunchScreen_Generation = YES;
				INFOPLIST_KEY_UISupportedInterfaceOrientations = "UIInterfaceOrientationLandscapeLeft UIInterfaceOrientationLandscapeRight UIInterfaceOrientationPortrait UIInterfaceOrientationPortraitUpsideDown";
				IPHONEOS_DEPLOYMENT_TARGET = 15.0;
				LD_RUNPATH_SEARCH_PATHS = (
					"$(inherited)",
					"@executable_path/Frameworks",
				);
				MARKETING_VERSION = 1.0;
				PRODUCT_BUNDLE_IDENTIFIER = com.devgacon.GameEmulator;
				PRODUCT_NAME = "$(TARGET_NAME)";
				SUPPORTED_PLATFORMS = "iphoneos iphonesimulator";
				SUPPORTS_MACCATALYST = NO;
				SUPPORTS_MAC_DESIGNED_FOR_IPHONE_IPAD = NO;
				SUPPORTS_XR_DESIGNED_FOR_IPHONE_IPAD = NO;
				SWIFT_EMIT_LOC_STRINGS = YES;
				SWIFT_OBJC_BRIDGING_HEADER = "GameEmulator/GameEmulator-Bridging-Header.h";
				SWIFT_VERSION = 5.0;
				TARGETED_DEVICE_FAMILY = 1;
			};
			name = Release;
		};
/* End XCBuildConfiguration section */

/* Begin XCConfigurationList section */
		F45A794D2E7FD08400744A9F /* Build configuration list for PBXProject "GameEmulator" */ = {
			isa = XCConfigurationList;
			buildConfigurations = (
				F45A795E2E7FD08600744A9F /* Debug */,
				F45A795F2E7FD08600744A9F /* Release */,
			);
			defaultConfigurationIsVisible = 0;
			defaultConfigurationName = Release;
		};
		F45A79602E7FD08600744A9F /* Build configuration list for PBXNativeTarget "GameEmulator" */ = {
			isa = XCConfigurationList;
			buildConfigurations = (
				F45A79612E7FD08600744A9F /* Debug */,
				F45A79622E7FD08600744A9F /* Release */,
			);
			defaultConfigurationIsVisible = 0;
			defaultConfigurationName = Release;
		};
/* End XCConfigurationList section */
	};
	rootObject = F45A794A2E7FD08400744A9F /* Project object */;
}
