// !$*UTF8*$!
{
	archiveVersion = 1;
	classes = {
	};
	objectVersion = 77;
	objects = {

/* Begin PBXBuildFile section */
		F43A7A362EA7E94C0073DD8E /* Lottie in Frameworks */ = {isa = PBXBuildFile; productRef = F43A7A352EA7E94C0073DD8E /* Lottie */; };
		F4E17B542E9E5898005D0B3A /* GoogleMobileAds in Frameworks */ = {isa = PBXBuildFile; productRef = F4E17B532E9E5898005D0B3A /* GoogleMobileAds */; };
		F4E17B572E9E58E6005D0B3A /* RevenueCat in Frameworks */ = {isa = PBXBuildFile; productRef = F4E17B562E9E58E6005D0B3A /* RevenueCat */; };
		F4E17B5A2E9E5EE8005D0B3A /* FirebaseAnalytics in Frameworks */ = {isa = PBXBuildFile; productRef = F4E17B592E9E5EE8005D0B3A /* FirebaseAnalytics */; };
		F4E17B5C2E9E5EE8005D0B3A /* FirebaseCore in Frameworks */ = {isa = PBXBuildFile; productRef = F4E17B5B2E9E5EE8005D0B3A /* FirebaseCore */; };
		F4E17B5E2E9E5EE8005D0B3A /* FirebaseCrashlytics in Frameworks */ = {isa = PBXBuildFile; productRef = F4E17B5D2E9E5EE8005D0B3A /* FirebaseCrashlytics */; };
		F4E17B602E9E5EE8005D0B3A /* FirebaseRemoteConfig in Frameworks */ = {isa = PBXBuildFile; productRef = F4E17B5F2E9E5EE8005D0B3A /* FirebaseRemoteConfig */; };
		F4EDC9FC2EAC80AE00FBC048 /* DeltaCore.framework in Frameworks */ = {isa = PBXBuildFile; fileRef = F4EDC9FB2EAC80A300FBC048 /* DeltaCore.framework */; };
		F4EDC9FD2EAC80AE00FBC048 /* DeltaCore.framework in Embed Frameworks */ = {isa = PBXBuildFile; fileRef = F4EDC9FB2EAC80A300FBC048 /* DeltaCore.framework */; settings = {ATTRIBUTES = (CodeSignOnCopy, RemoveHeadersOnCopy, ); }; };
		F4EDCA0C2EAC80EA00FBC048 /* Roxas.framework in Frameworks */ = {isa = PBXBuildFile; fileRef = F4EDCA072EAC80DE00FBC048 /* Roxas.framework */; };
		F4EDCA0D2EAC80EA00FBC048 /* Roxas.framework in Embed Frameworks */ = {isa = PBXBuildFile; fileRef = F4EDCA072EAC80DE00FBC048 /* Roxas.framework */; settings = {ATTRIBUTES = (CodeSignOnCopy, RemoveHeadersOnCopy, ); }; };
		F4EDCA252EAC83AA00FBC048 /* GBADeltaCore.framework in Frameworks */ = {isa = PBXBuildFile; fileRef = F4EDCA222EAC83A500FBC048 /* GBADeltaCore.framework */; };
		F4EDCA262EAC83AA00FBC048 /* GBADeltaCore.framework in Embed Frameworks */ = {isa = PBXBuildFile; fileRef = F4EDCA222EAC83A500FBC048 /* GBADeltaCore.framework */; settings = {ATTRIBUTES = (CodeSignOnCopy, RemoveHeadersOnCopy, ); }; };
		F4EDCA322EAC849000FBC048 /* NESDeltaCore.framework in Frameworks */ = {isa = PBXBuildFile; fileRef = F4EDCA2F2EAC848C00FBC048 /* NESDeltaCore.framework */; };
		F4EDCA332EAC849000FBC048 /* NESDeltaCore.framework in Embed Frameworks */ = {isa = PBXBuildFile; fileRef = F4EDCA2F2EAC848C00FBC048 /* NESDeltaCore.framework */; settings = {ATTRIBUTES = (CodeSignOnCopy, RemoveHeadersOnCopy, ); }; };
		F4EDCA3D2EAC856E00FBC048 /* SNESDeltaCore.framework in Frameworks */ = {isa = PBXBuildFile; fileRef = F4EDCA3A2EAC856800FBC048 /* SNESDeltaCore.framework */; };
		F4EDCA3E2EAC856E00FBC048 /* SNESDeltaCore.framework in Embed Frameworks */ = {isa = PBXBuildFile; fileRef = F4EDCA3A2EAC856800FBC048 /* SNESDeltaCore.framework */; settings = {ATTRIBUTES = (CodeSignOnCopy, RemoveHeadersOnCopy, ); }; };
		F4EDCA492EAC867000FBC048 /* MelonDSDeltaCore.framework in Frameworks */ = {isa = PBXBuildFile; fileRef = F4EDCA462EAC866A00FBC048 /* MelonDSDeltaCore.framework */; };
		F4EDCA4A2EAC867000FBC048 /* MelonDSDeltaCore.framework in Embed Frameworks */ = {isa = PBXBuildFile; fileRef = F4EDCA462EAC866A00FBC048 /* MelonDSDeltaCore.framework */; settings = {ATTRIBUTES = (CodeSignOnCopy, RemoveHeadersOnCopy, ); }; };
		F4EDCA662EAC88F400FBC048 /* N64DeltaCore.framework in Frameworks */ = {isa = PBXBuildFile; fileRef = F4EDCA5F2EAC88F000FBC048 /* N64DeltaCore.framework */; };
		F4EDCA672EAC88F400FBC048 /* N64DeltaCore.framework in Embed Frameworks */ = {isa = PBXBuildFile; fileRef = F4EDCA5F2EAC88F000FBC048 /* N64DeltaCore.framework */; settings = {ATTRIBUTES = (CodeSignOnCopy, RemoveHeadersOnCopy, ); }; };
/* End PBXBuildFile section */

/* Begin PBXContainerItemProxy section */
		F4EDC9FA2EAC80A300FBC048 /* PBXContainerItemProxy */ = {
			isa = PBXContainerItemProxy;
			containerPortal = F4EDC9F52EAC80A300FBC048 /* DeltaCore.xcodeproj */;
			proxyType = 2;
			remoteGlobalIDString = BF46895D1AACF36800A2586D;
			remoteInfo = DeltaCore;
		};
		F4EDCA062EAC80DE00FBC048 /* PBXContainerItemProxy */ = {
			isa = PBXContainerItemProxy;
			containerPortal = F4EDC9FE2EAC80DD00FBC048 /* Roxas.xcodeproj */;
			proxyType = 2;
			remoteGlobalIDString = BFADAFF819AE7BB70050CF31;
			remoteInfo = Roxas;
		};
		F4EDCA212EAC83A500FBC048 /* PBXContainerItemProxy */ = {
			isa = PBXContainerItemProxy;
			containerPortal = F4EDCA1B2EAC83A500FBC048 /* GBADeltaCore.xcodeproj */;
			proxyType = 2;
			remoteGlobalIDString = BFE8E9CA1D010AF7009D623D;
			remoteInfo = GBADeltaCore;
		};
		F4EDCA2E2EAC848C00FBC048 /* PBXContainerItemProxy */ = {
			isa = PBXContainerItemProxy;
			containerPortal = F4EDCA272EAC848B00FBC048 /* NESDeltaCore.xcodeproj */;
			proxyType = 2;
			remoteGlobalIDString = BF3C12F320438F3F0079A4B5;
			remoteInfo = NESDeltaCore;
		};
		F4EDCA392EAC856800FBC048 /* PBXContainerItemProxy */ = {
			isa = PBXContainerItemProxy;
			containerPortal = F4EDCA342EAC856800FBC048 /* SNESDeltaCore.xcodeproj */;
			proxyType = 2;
			remoteGlobalIDString = BF9F4FDC1AAD8070004C9500;
			remoteInfo = SNESDeltaCore;
		};
		F4EDCA452EAC866A00FBC048 /* PBXContainerItemProxy */ = {
			isa = PBXContainerItemProxy;
			containerPortal = F4EDCA3F2EAC866A00FBC048 /* MelonDSDeltaCore.xcodeproj */;
			proxyType = 2;
			remoteGlobalIDString = BF7317852356624000774F10;
			remoteInfo = MelonDSDeltaCore;
		};
		F4EDCA5E2EAC88F000FBC048 /* PBXContainerItemProxy */ = {
			isa = PBXContainerItemProxy;
			containerPortal = F4EDCA562EAC88F000FBC048 /* N64DeltaCore.xcodeproj */;
			proxyType = 2;
			remoteGlobalIDString = BF799014224BF59E009B094F;
			remoteInfo = N64DeltaCore;
		};
/* End PBXContainerItemProxy section */

/* Begin PBXCopyFilesBuildPhase section */
		F4E175632E92DBD1005D0B3A /* Embed Frameworks */ = {
			isa = PBXCopyFilesBuildPhase;
			buildActionMask = 2147483647;
			dstPath = "";
			dstSubfolderSpec = 10;
			files = (
				F4EDCA0D2EAC80EA00FBC048 /* Roxas.framework in Embed Frameworks */,
				F4EDCA4A2EAC867000FBC048 /* MelonDSDeltaCore.framework in Embed Frameworks */,
				F4EDC9FD2EAC80AE00FBC048 /* DeltaCore.framework in Embed Frameworks */,
				F4EDCA672EAC88F400FBC048 /* N64DeltaCore.framework in Embed Frameworks */,
				F4EDCA262EAC83AA00FBC048 /* GBADeltaCore.framework in Embed Frameworks */,
				F4EDCA332EAC849000FBC048 /* NESDeltaCore.framework in Embed Frameworks */,
				F4EDCA3E2EAC856E00FBC048 /* SNESDeltaCore.framework in Embed Frameworks */,
			);
			name = "Embed Frameworks";
			runOnlyForDeploymentPostprocessing = 0;
		};
/* End PBXCopyFilesBuildPhase section */

/* Begin PBXFileReference section */
		F48B71E92E901A6200EF95A7 /* GoEmulator.app */ = {isa = PBXFileReference; explicitFileType = wrapper.application; includeInIndex = 0; path = GoEmulator.app; sourceTree = BUILT_PRODUCTS_DIR; };
		F4EDC9F52EAC80A300FBC048 /* DeltaCore.xcodeproj */ = {isa = PBXFileReference; lastKnownFileType = "wrapper.pb-project"; name = DeltaCore.xcodeproj; path = Cores/DeltaCore/DeltaCore.xcodeproj; sourceTree = "<group>"; };
		F4EDC9FE2EAC80DD00FBC048 /* Roxas.xcodeproj */ = {isa = PBXFileReference; lastKnownFileType = "wrapper.pb-project"; name = Roxas.xcodeproj; path = Cores/Roxas/Roxas.xcodeproj; sourceTree = "<group>"; };
		F4EDCA1B2EAC83A500FBC048 /* GBADeltaCore.xcodeproj */ = {isa = PBXFileReference; lastKnownFileType = "wrapper.pb-project"; name = GBADeltaCore.xcodeproj; path = Cores/GBADeltaCore/GBADeltaCore.xcodeproj; sourceTree = "<group>"; };
		F4EDCA272EAC848B00FBC048 /* NESDeltaCore.xcodeproj */ = {isa = PBXFileReference; lastKnownFileType = "wrapper.pb-project"; name = NESDeltaCore.xcodeproj; path = Cores/NESDeltaCore/NESDeltaCore.xcodeproj; sourceTree = "<group>"; };
		F4EDCA342EAC856800FBC048 /* SNESDeltaCore.xcodeproj */ = {isa = PBXFileReference; lastKnownFileType = "wrapper.pb-project"; name = SNESDeltaCore.xcodeproj; path = Cores/SNESDeltaCore/SNESDeltaCore.xcodeproj; sourceTree = "<group>"; };
		F4EDCA3F2EAC866A00FBC048 /* MelonDSDeltaCore.xcodeproj */ = {isa = PBXFileReference; lastKnownFileType = "wrapper.pb-project"; name = MelonDSDeltaCore.xcodeproj; path = Cores/MelonDSDeltaCore/MelonDSDeltaCore.xcodeproj; sourceTree = "<group>"; };
		F4EDCA562EAC88F000FBC048 /* N64DeltaCore.xcodeproj */ = {isa = PBXFileReference; lastKnownFileType = "wrapper.pb-project"; name = N64DeltaCore.xcodeproj; path = Cores/N64DeltaCore/N64DeltaCore.xcodeproj; sourceTree = "<group>"; };
/* End PBXFileReference section */

/* Begin PBXFileSystemSynchronizedBuildFileExceptionSet section */
		F4E174D72E90338B005D0B3A /* Exceptions for "GoEmulator" folder in "GoEmulator" target */ = {
			isa = PBXFileSystemSynchronizedBuildFileExceptionSet;
			membershipExceptions = (
				Info.plist,
			);
			target = F48B71E82E901A6200EF95A7 /* GoEmulator */;
		};
/* End PBXFileSystemSynchronizedBuildFileExceptionSet section */

/* Begin PBXFileSystemSynchronizedRootGroup section */
		F48B71EB2E901A6200EF95A7 /* GoEmulator */ = {
			isa = PBXFileSystemSynchronizedRootGroup;
			exceptions = (
				F4E174D72E90338B005D0B3A /* Exceptions for "GoEmulator" folder in "GoEmulator" target */,
			);
			path = GoEmulator;
			sourceTree = "<group>";
		};
/* End PBXFileSystemSynchronizedRootGroup section */

/* Begin PBXFrameworksBuildPhase section */
		F48B71E62E901A6200EF95A7 /* Frameworks */ = {
			isa = PBXFrameworksBuildPhase;
			buildActionMask = 2147483647;
			files = (
				F4E17B542E9E5898005D0B3A /* GoogleMobileAds in Frameworks */,
				F4EDCA0C2EAC80EA00FBC048 /* Roxas.framework in Frameworks */,
				F4E17B5C2E9E5EE8005D0B3A /* FirebaseCore in Frameworks */,
				F4EDCA662EAC88F400FBC048 /* N64DeltaCore.framework in Frameworks */,
				F4EDCA3D2EAC856E00FBC048 /* SNESDeltaCore.framework in Frameworks */,
				F4EDCA252EAC83AA00FBC048 /* GBADeltaCore.framework in Frameworks */,
				F4EDC9FC2EAC80AE00FBC048 /* DeltaCore.framework in Frameworks */,
				F4E17B602E9E5EE8005D0B3A /* FirebaseRemoteConfig in Frameworks */,
				F4EDCA492EAC867000FBC048 /* MelonDSDeltaCore.framework in Frameworks */,
				F4E17B5E2E9E5EE8005D0B3A /* FirebaseCrashlytics in Frameworks */,
				F4E17B5A2E9E5EE8005D0B3A /* FirebaseAnalytics in Frameworks */,
				F4E17B572E9E58E6005D0B3A /* RevenueCat in Frameworks */,
				F4EDCA322EAC849000FBC048 /* NESDeltaCore.framework in Frameworks */,
				F43A7A362EA7E94C0073DD8E /* Lottie in Frameworks */,
			);
			runOnlyForDeploymentPostprocessing = 0;
		};
/* End PBXFrameworksBuildPhase section */

/* Begin PBXGroup section */
		F48B71E02E901A6200EF95A7 = {
			isa = PBXGroup;
			children = (
				F48B71EB2E901A6200EF95A7 /* GoEmulator */,
				F4E175562E92D4BC005D0B3A /* Frameworks */,
				F48B71EA2E901A6200EF95A7 /* Products */,
			);
			sourceTree = "<group>";
		};
		F48B71EA2E901A6200EF95A7 /* Products */ = {
			isa = PBXGroup;
			children = (
				F48B71E92E901A6200EF95A7 /* GoEmulator.app */,
			);
			name = Products;
			sourceTree = "<group>";
		};
		F4E175562E92D4BC005D0B3A /* Frameworks */ = {
			isa = PBXGroup;
			children = (
				F4EDCA562EAC88F000FBC048 /* N64DeltaCore.xcodeproj */,
				F4EDCA3F2EAC866A00FBC048 /* MelonDSDeltaCore.xcodeproj */,
				F4EDCA342EAC856800FBC048 /* SNESDeltaCore.xcodeproj */,
				F4EDCA272EAC848B00FBC048 /* NESDeltaCore.xcodeproj */,
				F4EDCA1B2EAC83A500FBC048 /* GBADeltaCore.xcodeproj */,
				F4EDC9FE2EAC80DD00FBC048 /* Roxas.xcodeproj */,
				F4EDC9F52EAC80A300FBC048 /* DeltaCore.xcodeproj */,
			);
			name = Frameworks;
			sourceTree = "<group>";
		};
		F4EDC9F62EAC80A300FBC048 /* Products */ = {
			isa = PBXGroup;
			children = (
				F4EDC9FB2EAC80A300FBC048 /* DeltaCore.framework */,
			);
			name = Products;
			sourceTree = "<group>";
		};
		F4EDC9FF2EAC80DD00FBC048 /* Products */ = {
			isa = PBXGroup;
			children = (
				F4EDCA072EAC80DE00FBC048 /* Roxas.framework */,
			);
			name = Products;
			sourceTree = "<group>";
		};
		F4EDCA1C2EAC83A500FBC048 /* Products */ = {
			isa = PBXGroup;
			children = (
				F4EDCA222EAC83A500FBC048 /* GBADeltaCore.framework */,
			);
			name = Products;
			sourceTree = "<group>";
		};
		F4EDCA282EAC848B00FBC048 /* Products */ = {
			isa = PBXGroup;
			children = (
				F4EDCA2F2EAC848C00FBC048 /* NESDeltaCore.framework */,
			);
			name = Products;
			sourceTree = "<group>";
		};
		F4EDCA352EAC856800FBC048 /* Products */ = {
			isa = PBXGroup;
			children = (
				F4EDCA3A2EAC856800FBC048 /* SNESDeltaCore.framework */,
			);
			name = Products;
			sourceTree = "<group>";
		};
		F4EDCA402EAC866A00FBC048 /* Products */ = {
			isa = PBXGroup;
			children = (
				F4EDCA462EAC866A00FBC048 /* MelonDSDeltaCore.framework */,
			);
			name = Products;
			sourceTree = "<group>";
		};
		F4EDCA572EAC88F000FBC048 /* Products */ = {
			isa = PBXGroup;
			children = (
				F4EDCA5F2EAC88F000FBC048 /* N64DeltaCore.framework */,
			);
			name = Products;
			sourceTree = "<group>";
		};
/* End PBXGroup section */

/* Begin PBXNativeTarget section */
		F48B71E82E901A6200EF95A7 /* GoEmulator */ = {
			isa = PBXNativeTarget;
			buildConfigurationList = F48B71F72E901A6500EF95A7 /* Build configuration list for PBXNativeTarget "GoEmulator" */;
			buildPhases = (
				F48B71E52E901A6200EF95A7 /* Sources */,
				F48B71E62E901A6200EF95A7 /* Frameworks */,
				F48B71E72E901A6200EF95A7 /* Resources */,
				F4E175632E92DBD1005D0B3A /* Embed Frameworks */,
				F4F4B1C92EA48ACF0083EB2D /* ShellScript */,
			);
			buildRules = (
			);
			dependencies = (
			);
			fileSystemSynchronizedGroups = (
				F48B71EB2E901A6200EF95A7 /* GoEmulator */,
			);
			name = GoEmulator;
			packageProductDependencies = (
				F4E17B532E9E5898005D0B3A /* GoogleMobileAds */,
				F4E17B562E9E58E6005D0B3A /* RevenueCat */,
				F4E17B592E9E5EE8005D0B3A /* FirebaseAnalytics */,
				F4E17B5B2E9E5EE8005D0B3A /* FirebaseCore */,
				F4E17B5D2E9E5EE8005D0B3A /* FirebaseCrashlytics */,
				F4E17B5F2E9E5EE8005D0B3A /* FirebaseRemoteConfig */,
				F43A7A352EA7E94C0073DD8E /* Lottie */,
			);
			productName = GoEmulator;
			productReference = F48B71E92E901A6200EF95A7 /* GoEmulator.app */;
			productType = "com.apple.product-type.application";
		};
/* End PBXNativeTarget section */

/* Begin PBXProject section */
		F48B71E12E901A6200EF95A7 /* Project object */ = {
			isa = PBXProject;
			attributes = {
				BuildIndependentTargetsInParallel = 1;
				LastSwiftUpdateCheck = 1610;
				LastUpgradeCheck = 1610;
				TargetAttributes = {
					F48B71E82E901A6200EF95A7 = {
						CreatedOnToolsVersion = 16.1;
					};
				};
			};
			buildConfigurationList = F48B71E42E901A6200EF95A7 /* Build configuration list for PBXProject "GoEmulator" */;
			developmentRegion = en;
			hasScannedForEncodings = 0;
			knownRegions = (
				en,
				Base,
			);
			mainGroup = F48B71E02E901A6200EF95A7;
			minimizedProjectReferenceProxies = 1;
			packageReferences = (
				F4E17B522E9E5898005D0B3A /* XCRemoteSwiftPackageReference "swift-package-manager-google-mobile-ads" */,
				F4E17B552E9E58E6005D0B3A /* XCRemoteSwiftPackageReference "purchases-ios-spm" */,
				F4E17B582E9E5EE8005D0B3A /* XCRemoteSwiftPackageReference "firebase-ios-sdk" */,
				F43A7A342EA7E94C0073DD8E /* XCRemoteSwiftPackageReference "lottie-ios" */,
			);
			preferredProjectObjectVersion = 77;
			productRefGroup = F48B71EA2E901A6200EF95A7 /* Products */;
			projectDirPath = "";
			projectReferences = (
				{
					ProductGroup = F4EDC9F62EAC80A300FBC048 /* Products */;
					ProjectRef = F4EDC9F52EAC80A300FBC048 /* DeltaCore.xcodeproj */;
				},
				{
					ProductGroup = F4EDCA1C2EAC83A500FBC048 /* Products */;
					ProjectRef = F4EDCA1B2EAC83A500FBC048 /* GBADeltaCore.xcodeproj */;
				},
				{
					ProductGroup = F4EDCA402EAC866A00FBC048 /* Products */;
					ProjectRef = F4EDCA3F2EAC866A00FBC048 /* MelonDSDeltaCore.xcodeproj */;
				},
				{
					ProductGroup = F4EDCA572EAC88F000FBC048 /* Products */;
					ProjectRef = F4EDCA562EAC88F000FBC048 /* N64DeltaCore.xcodeproj */;
				},
				{
					ProductGroup = F4EDCA282EAC848B00FBC048 /* Products */;
					ProjectRef = F4EDCA272EAC848B00FBC048 /* NESDeltaCore.xcodeproj */;
				},
				{
					ProductGroup = F4EDC9FF2EAC80DD00FBC048 /* Products */;
					ProjectRef = F4EDC9FE2EAC80DD00FBC048 /* Roxas.xcodeproj */;
				},
				{
					ProductGroup = F4EDCA352EAC856800FBC048 /* Products */;
					ProjectRef = F4EDCA342EAC856800FBC048 /* SNESDeltaCore.xcodeproj */;
				},
			);
			projectRoot = "";
			targets = (
				F48B71E82E901A6200EF95A7 /* GoEmulator */,
			);
		};
/* End PBXProject section */

/* Begin PBXReferenceProxy section */
		F4EDC9FB2EAC80A300FBC048 /* DeltaCore.framework */ = {
			isa = PBXReferenceProxy;
			fileType = wrapper.framework;
			path = DeltaCore.framework;
			remoteRef = F4EDC9FA2EAC80A300FBC048 /* PBXContainerItemProxy */;
			sourceTree = BUILT_PRODUCTS_DIR;
		};
		F4EDCA072EAC80DE00FBC048 /* Roxas.framework */ = {
			isa = PBXReferenceProxy;
			fileType = wrapper.framework;
			path = Roxas.framework;
			remoteRef = F4EDCA062EAC80DE00FBC048 /* PBXContainerItemProxy */;
			sourceTree = BUILT_PRODUCTS_DIR;
		};
		F4EDCA222EAC83A500FBC048 /* GBADeltaCore.framework */ = {
			isa = PBXReferenceProxy;
			fileType = wrapper.framework;
			path = GBADeltaCore.framework;
			remoteRef = F4EDCA212EAC83A500FBC048 /* PBXContainerItemProxy */;
			sourceTree = BUILT_PRODUCTS_DIR;
		};
		F4EDCA2F2EAC848C00FBC048 /* NESDeltaCore.framework */ = {
			isa = PBXReferenceProxy;
			fileType = wrapper.framework;
			path = NESDeltaCore.framework;
			remoteRef = F4EDCA2E2EAC848C00FBC048 /* PBXContainerItemProxy */;
			sourceTree = BUILT_PRODUCTS_DIR;
		};
		F4EDCA3A2EAC856800FBC048 /* SNESDeltaCore.framework */ = {
			isa = PBXReferenceProxy;
			fileType = wrapper.framework;
			path = SNESDeltaCore.framework;
			remoteRef = F4EDCA392EAC856800FBC048 /* PBXContainerItemProxy */;
			sourceTree = BUILT_PRODUCTS_DIR;
		};
		F4EDCA462EAC866A00FBC048 /* MelonDSDeltaCore.framework */ = {
			isa = PBXReferenceProxy;
			fileType = wrapper.framework;
			path = MelonDSDeltaCore.framework;
			remoteRef = F4EDCA452EAC866A00FBC048 /* PBXContainerItemProxy */;
			sourceTree = BUILT_PRODUCTS_DIR;
		};
		F4EDCA5F2EAC88F000FBC048 /* N64DeltaCore.framework */ = {
			isa = PBXReferenceProxy;
			fileType = wrapper.framework;
			path = N64DeltaCore.framework;
			remoteRef = F4EDCA5E2EAC88F000FBC048 /* PBXContainerItemProxy */;
			sourceTree = BUILT_PRODUCTS_DIR;
		};
/* End PBXReferenceProxy section */

/* Begin PBXResourcesBuildPhase section */
		F48B71E72E901A6200EF95A7 /* Resources */ = {
			isa = PBXResourcesBuildPhase;
			buildActionMask = 2147483647;
			files = (
			);
			runOnlyForDeploymentPostprocessing = 0;
		};
/* End PBXResourcesBuildPhase section */

/* Begin PBXShellScriptBuildPhase section */
		F4F4B1C92EA48ACF0083EB2D /* ShellScript */ = {
			isa = PBXShellScriptBuildPhase;
			buildActionMask = 2147483647;
			files = (
			);
			inputFileListPaths = (
			);
			inputPaths = (
				"${DWARF_DSYM_FOLDER_PATH}/${DWARF_DSYM_FILE_NAME}",
				"${DWARF_DSYM_FOLDER_PATH}/${DWARF_DSYM_FILE_NAME}/Contents/Resources/DWARF/${PRODUCT_NAME}",
				"${DWARF_DSYM_FOLDER_PATH}/${DWARF_DSYM_FILE_NAME}/Contents/Info.plist",
				"$(TARGET_BUILD_DIR)/$(UNLOCALIZED_RESOURCES_FOLDER_PATH)/GoogleService-Info.plist",
				"$(TARGET_BUILD_DIR)/$(EXECUTABLE_PATH)",
			);
			outputFileListPaths = (
			);
			outputPaths = (
			);
			runOnlyForDeploymentPostprocessing = 0;
			shellPath = /bin/sh;
			shellScript = "# Type a script or drag a script file from your workspace to insert its path.\n\"${BUILD_DIR%/Build/*}/SourcePackages/checkouts/firebase-ios-sdk/Crashlytics/run\"\n";
		};
/* End PBXShellScriptBuildPhase section */

/* Begin PBXSourcesBuildPhase section */
		F48B71E52E901A6200EF95A7 /* Sources */ = {
			isa = PBXSourcesBuildPhase;
			buildActionMask = 2147483647;
			files = (
			);
			runOnlyForDeploymentPostprocessing = 0;
		};
/* End PBXSourcesBuildPhase section */

/* Begin XCBuildConfiguration section */
		F48B71F52E901A6500EF95A7 /* Debug */ = {
			isa = XCBuildConfiguration;
			buildSettings = {
				ALWAYS_SEARCH_USER_PATHS = NO;
				ASSETCATALOG_COMPILER_GENERATE_SWIFT_ASSET_SYMBOL_EXTENSIONS = YES;
				CLANG_ANALYZER_NONNULL = YES;
				CLANG_ANALYZER_NUMBER_OBJECT_CONVERSION = YES_AGGRESSIVE;
				CLANG_CXX_LANGUAGE_STANDARD = "gnu++20";
				CLANG_ENABLE_MODULES = YES;
				CLANG_ENABLE_OBJC_ARC = YES;
				CLANG_ENABLE_OBJC_WEAK = YES;
				CLANG_WARN_BLOCK_CAPTURE_AUTORELEASING = YES;
				CLANG_WARN_BOOL_CONVERSION = YES;
				CLANG_WARN_COMMA = YES;
				CLANG_WARN_CONSTANT_CONVERSION = YES;
				CLANG_WARN_DEPRECATED_OBJC_IMPLEMENTATIONS = YES;
				CLANG_WARN_DIRECT_OBJC_ISA_USAGE = YES_ERROR;
				CLANG_WARN_DOCUMENTATION_COMMENTS = YES;
				CLANG_WARN_EMPTY_BODY = YES;
				CLANG_WARN_ENUM_CONVERSION = YES;
				CLANG_WARN_INFINITE_RECURSION = YES;
				CLANG_WARN_INT_CONVERSION = YES;
				CLANG_WARN_NON_LITERAL_NULL_CONVERSION = YES;
				CLANG_WARN_OBJC_IMPLICIT_RETAIN_SELF = YES;
				CLANG_WARN_OBJC_LITERAL_CONVERSION = YES;
				CLANG_WARN_OBJC_ROOT_CLASS = YES_ERROR;
				CLANG_WARN_QUOTED_INCLUDE_IN_FRAMEWORK_HEADER = YES;
				CLANG_WARN_RANGE_LOOP_ANALYSIS = YES;
				CLANG_WARN_STRICT_PROTOTYPES = YES;
				CLANG_WARN_SUSPICIOUS_MOVE = YES;
				CLANG_WARN_UNGUARDED_AVAILABILITY = YES_AGGRESSIVE;
				CLANG_WARN_UNREACHABLE_CODE = YES;
				CLANG_WARN__DUPLICATE_METHOD_MATCH = YES;
				COPY_PHASE_STRIP = NO;
				DEBUG_INFORMATION_FORMAT = dwarf;
				ENABLE_STRICT_OBJC_MSGSEND = YES;
				ENABLE_TESTABILITY = YES;
				ENABLE_USER_SCRIPT_SANDBOXING = YES;
				GCC_C_LANGUAGE_STANDARD = gnu17;
				GCC_DYNAMIC_NO_PIC = NO;
				GCC_NO_COMMON_BLOCKS = YES;
				GCC_OPTIMIZATION_LEVEL = 0;
				GCC_PREPROCESSOR_DEFINITIONS = (
					"DEBUG=1",
					"$(inherited)",
				);
				GCC_WARN_64_TO_32_BIT_CONVERSION = YES;
				GCC_WARN_ABOUT_RETURN_TYPE = YES_ERROR;
				GCC_WARN_UNDECLARED_SELECTOR = YES;
				GCC_WARN_UNINITIALIZED_AUTOS = YES_AGGRESSIVE;
				GCC_WARN_UNUSED_FUNCTION = YES;
				GCC_WARN_UNUSED_VARIABLE = YES;
				IPHONEOS_DEPLOYMENT_TARGET = 18.1;
				LOCALIZATION_PREFERS_STRING_CATALOGS = YES;
				MTL_ENABLE_DEBUG_INFO = INCLUDE_SOURCE;
				MTL_FAST_MATH = YES;
				ONLY_ACTIVE_ARCH = YES;
				SDKROOT = iphoneos;
				SWIFT_ACTIVE_COMPILATION_CONDITIONS = "DEBUG $(inherited)";
				SWIFT_OPTIMIZATION_LEVEL = "-Onone";
			};
			name = Debug;
		};
		F48B71F62E901A6500EF95A7 /* Release */ = {
			isa = XCBuildConfiguration;
			buildSettings = {
				ALWAYS_SEARCH_USER_PATHS = NO;
				ASSETCATALOG_COMPILER_GENERATE_SWIFT_ASSET_SYMBOL_EXTENSIONS = YES;
				CLANG_ANALYZER_NONNULL = YES;
				CLANG_ANALYZER_NUMBER_OBJECT_CONVERSION = YES_AGGRESSIVE;
				CLANG_CXX_LANGUAGE_STANDARD = "gnu++20";
				CLANG_ENABLE_MODULES = YES;
				CLANG_ENABLE_OBJC_ARC = YES;
				CLANG_ENABLE_OBJC_WEAK = YES;
				CLANG_WARN_BLOCK_CAPTURE_AUTORELEASING = YES;
				CLANG_WARN_BOOL_CONVERSION = YES;
				CLANG_WARN_COMMA = YES;
				CLANG_WARN_CONSTANT_CONVERSION = YES;
				CLANG_WARN_DEPRECATED_OBJC_IMPLEMENTATIONS = YES;
				CLANG_WARN_DIRECT_OBJC_ISA_USAGE = YES_ERROR;
				CLANG_WARN_DOCUMENTATION_COMMENTS = YES;
				CLANG_WARN_EMPTY_BODY = YES;
				CLANG_WARN_ENUM_CONVERSION = YES;
				CLANG_WARN_INFINITE_RECURSION = YES;
				CLANG_WARN_INT_CONVERSION = YES;
				CLANG_WARN_NON_LITERAL_NULL_CONVERSION = YES;
				CLANG_WARN_OBJC_IMPLICIT_RETAIN_SELF = YES;
				CLANG_WARN_OBJC_LITERAL_CONVERSION = YES;
				CLANG_WARN_OBJC_ROOT_CLASS = YES_ERROR;
				CLANG_WARN_QUOTED_INCLUDE_IN_FRAMEWORK_HEADER = YES;
				CLANG_WARN_RANGE_LOOP_ANALYSIS = YES;
				CLANG_WARN_STRICT_PROTOTYPES = YES;
				CLANG_WARN_SUSPICIOUS_MOVE = YES;
				CLANG_WARN_UNGUARDED_AVAILABILITY = YES_AGGRESSIVE;
				CLANG_WARN_UNREACHABLE_CODE = YES;
				CLANG_WARN__DUPLICATE_METHOD_MATCH = YES;
				COPY_PHASE_STRIP = NO;
				DEBUG_INFORMATION_FORMAT = "dwarf-with-dsym";
				ENABLE_NS_ASSERTIONS = NO;
				ENABLE_STRICT_OBJC_MSGSEND = YES;
				ENABLE_USER_SCRIPT_SANDBOXING = YES;
				GCC_C_LANGUAGE_STANDARD = gnu17;
				GCC_NO_COMMON_BLOCKS = YES;
				GCC_WARN_64_TO_32_BIT_CONVERSION = YES;
				GCC_WARN_ABOUT_RETURN_TYPE = YES_ERROR;
				GCC_WARN_UNDECLARED_SELECTOR = YES;
				GCC_WARN_UNINITIALIZED_AUTOS = YES_AGGRESSIVE;
				GCC_WARN_UNUSED_FUNCTION = YES;
				GCC_WARN_UNUSED_VARIABLE = YES;
				IPHONEOS_DEPLOYMENT_TARGET = 18.1;
				LOCALIZATION_PREFERS_STRING_CATALOGS = YES;
				MTL_ENABLE_DEBUG_INFO = NO;
				MTL_FAST_MATH = YES;
				SDKROOT = iphoneos;
				SWIFT_COMPILATION_MODE = wholemodule;
				VALIDATE_PRODUCT = YES;
			};
			name = Release;
		};
		F48B71F82E901A6500EF95A7 /* Debug */ = {
			isa = XCBuildConfiguration;
			buildSettings = {
				ASSETCATALOG_COMPILER_APPICON_NAME = AppIcon;
				ASSETCATALOG_COMPILER_GLOBAL_ACCENT_COLOR_NAME = AccentColor;
				CODE_SIGN_STYLE = Automatic;
				CURRENT_PROJECT_VERSION = 10;
				DEBUG_INFORMATION_FORMAT = "dwarf-with-dsym";
				DEVELOPMENT_ASSET_PATHS = "\"GoEmulator/Preview Content\"";
				DEVELOPMENT_TEAM = M4U9PT39CW;
				ENABLE_PREVIEWS = YES;
				GENERATE_INFOPLIST_FILE = YES;
				INFOPLIST_FILE = GoEmulator/Info.plist;
				INFOPLIST_KEY_GCSupportsControllerUserInteraction = YES;
				INFOPLIST_KEY_GCSupportsGameMode = YES;
				INFOPLIST_KEY_LSSupportsOpeningDocumentsInPlace = NO;
				INFOPLIST_KEY_NSMicrophoneUsageDescription = "$(PRODUCT_NAME) uses your microphone to emulate the Nintendo DS microphone.";
				INFOPLIST_KEY_NSPhotoLibraryAddUsageDescription = "Please allow $(PRODUCT_NAME) to save screenshots to your Photo Library.";
				INFOPLIST_KEY_NSPhotoLibraryUsageDescription = "Press “OK” to allow $(PRODUCT_NAME) to use images from your Photo Library as game artwork.";
				INFOPLIST_KEY_NSUserTrackingUsageDescription = "This will be used to deliver Personalized Ads";
				INFOPLIST_KEY_UIApplicationSceneManifest_Generation = YES;
				INFOPLIST_KEY_UIApplicationSupportsIndirectInputEvents = YES;
				INFOPLIST_KEY_UILaunchScreen_Generation = YES;
				INFOPLIST_KEY_UILaunchStoryboardName = "Launch Screen";
				INFOPLIST_KEY_UISupportedInterfaceOrientations_iPad = "UIInterfaceOrientationPortrait UIInterfaceOrientationPortraitUpsideDown UIInterfaceOrientationLandscapeLeft UIInterfaceOrientationLandscapeRight";
				INFOPLIST_KEY_UISupportedInterfaceOrientations_iPhone = "UIInterfaceOrientationPortrait UIInterfaceOrientationLandscapeLeft UIInterfaceOrientationLandscapeRight";
				IPHONEOS_DEPLOYMENT_TARGET = 15.0;
				LD_RUNPATH_SEARCH_PATHS = (
					"$(inherited)",
					"@executable_path/Frameworks",
				);
				MARKETING_VERSION = 1.0;
				OTHER_LDFLAGS = "-ObjC";
				PRODUCT_BUNDLE_IDENTIFIER = com.app.gbaemu;
				PRODUCT_NAME = "$(TARGET_NAME)";
				SUPPORTED_PLATFORMS = "iphoneos iphonesimulator";
				SUPPORTS_MACCATALYST = NO;
				SUPPORTS_MAC_DESIGNED_FOR_IPHONE_IPAD = NO;
				SUPPORTS_XR_DESIGNED_FOR_IPHONE_IPAD = NO;
				SWIFT_EMIT_LOC_STRINGS = YES;
				SWIFT_OBJC_BRIDGING_HEADER = "GoEmulator/GameEmulator-Bridging-Header.h";
				SWIFT_VERSION = 5.0;
				TARGETED_DEVICE_FAMILY = "1,2";
			};
			name = Debug;
		};
		F48B71F92E901A6500EF95A7 /* Release */ = {
			isa = XCBuildConfiguration;
			buildSettings = {
				ASSETCATALOG_COMPILER_APPICON_NAME = AppIcon;
				ASSETCATALOG_COMPILER_GLOBAL_ACCENT_COLOR_NAME = AccentColor;
				CODE_SIGN_STYLE = Automatic;
				CURRENT_PROJECT_VERSION = 10;
				DEVELOPMENT_ASSET_PATHS = "\"GoEmulator/Preview Content\"";
				DEVELOPMENT_TEAM = M4U9PT39CW;
				ENABLE_PREVIEWS = YES;
				GENERATE_INFOPLIST_FILE = YES;
				INFOPLIST_FILE = GoEmulator/Info.plist;
				INFOPLIST_KEY_GCSupportsControllerUserInteraction = YES;
				INFOPLIST_KEY_GCSupportsGameMode = YES;
				INFOPLIST_KEY_LSSupportsOpeningDocumentsInPlace = NO;
				INFOPLIST_KEY_NSMicrophoneUsageDescription = "$(PRODUCT_NAME) uses your microphone to emulate the Nintendo DS microphone.";
				INFOPLIST_KEY_NSPhotoLibraryAddUsageDescription = "Please allow $(PRODUCT_NAME) to save screenshots to your Photo Library.";
				INFOPLIST_KEY_NSPhotoLibraryUsageDescription = "Press “OK” to allow $(PRODUCT_NAME) to use images from your Photo Library as game artwork.";
				INFOPLIST_KEY_NSUserTrackingUsageDescription = "This will be used to deliver Personalized Ads";
				INFOPLIST_KEY_UIApplicationSceneManifest_Generation = YES;
				INFOPLIST_KEY_UIApplicationSupportsIndirectInputEvents = YES;
				INFOPLIST_KEY_UILaunchScreen_Generation = YES;
				INFOPLIST_KEY_UILaunchStoryboardName = "Launch Screen";
				INFOPLIST_KEY_UISupportedInterfaceOrientations_iPad = "UIInterfaceOrientationPortrait UIInterfaceOrientationPortraitUpsideDown UIInterfaceOrientationLandscapeLeft UIInterfaceOrientationLandscapeRight";
				INFOPLIST_KEY_UISupportedInterfaceOrientations_iPhone = "UIInterfaceOrientationPortrait UIInterfaceOrientationLandscapeLeft UIInterfaceOrientationLandscapeRight";
				IPHONEOS_DEPLOYMENT_TARGET = 15.0;
				LD_RUNPATH_SEARCH_PATHS = (
					"$(inherited)",
					"@executable_path/Frameworks",
				);
				MARKETING_VERSION = 1.0;
				OTHER_LDFLAGS = "-ObjC";
				PRODUCT_BUNDLE_IDENTIFIER = com.app.gbaemu;
				PRODUCT_NAME = "$(TARGET_NAME)";
				SUPPORTED_PLATFORMS = "iphoneos iphonesimulator";
				SUPPORTS_MACCATALYST = NO;
				SUPPORTS_MAC_DESIGNED_FOR_IPHONE_IPAD = NO;
				SUPPORTS_XR_DESIGNED_FOR_IPHONE_IPAD = NO;
				SWIFT_EMIT_LOC_STRINGS = YES;
				SWIFT_OBJC_BRIDGING_HEADER = "GoEmulator/GameEmulator-Bridging-Header.h";
				SWIFT_VERSION = 5.0;
				TARGETED_DEVICE_FAMILY = "1,2";
			};
			name = Release;
		};
/* End XCBuildConfiguration section */

/* Begin XCConfigurationList section */
		F48B71E42E901A6200EF95A7 /* Build configuration list for PBXProject "GoEmulator" */ = {
			isa = XCConfigurationList;
			buildConfigurations = (
				F48B71F52E901A6500EF95A7 /* Debug */,
				F48B71F62E901A6500EF95A7 /* Release */,
			);
			defaultConfigurationIsVisible = 0;
			defaultConfigurationName = Release;
		};
		F48B71F72E901A6500EF95A7 /* Build configuration list for PBXNativeTarget "GoEmulator" */ = {
			isa = XCConfigurationList;
			buildConfigurations = (
				F48B71F82E901A6500EF95A7 /* Debug */,
				F48B71F92E901A6500EF95A7 /* Release */,
			);
			defaultConfigurationIsVisible = 0;
			defaultConfigurationName = Release;
		};
/* End XCConfigurationList section */

/* Begin XCRemoteSwiftPackageReference section */
		F43A7A342EA7E94C0073DD8E /* XCRemoteSwiftPackageReference "lottie-ios" */ = {
			isa = XCRemoteSwiftPackageReference;
			repositoryURL = "https://github.com/airbnb/lottie-ios";
			requirement = {
				kind = upToNextMajorVersion;
				minimumVersion = 4.5.2;
			};
		};
		F4E17B522E9E5898005D0B3A /* XCRemoteSwiftPackageReference "swift-package-manager-google-mobile-ads" */ = {
			isa = XCRemoteSwiftPackageReference;
			repositoryURL = "https://github.com/googleads/swift-package-manager-google-mobile-ads.git";
			requirement = {
				kind = upToNextMajorVersion;
				minimumVersion = 12.12.0;
			};
		};
		F4E17B552E9E58E6005D0B3A /* XCRemoteSwiftPackageReference "purchases-ios-spm" */ = {
			isa = XCRemoteSwiftPackageReference;
			repositoryURL = "https://github.com/RevenueCat/purchases-ios-spm";
			requirement = {
				kind = upToNextMajorVersion;
				minimumVersion = 5.43.0;
			};
		};
		F4E17B582E9E5EE8005D0B3A /* XCRemoteSwiftPackageReference "firebase-ios-sdk" */ = {
			isa = XCRemoteSwiftPackageReference;
			repositoryURL = "https://github.com/firebase/firebase-ios-sdk";
			requirement = {
				kind = upToNextMajorVersion;
				minimumVersion = 12.4.0;
			};
		};
/* End XCRemoteSwiftPackageReference section */

/* Begin XCSwiftPackageProductDependency section */
		F43A7A352EA7E94C0073DD8E /* Lottie */ = {
			isa = XCSwiftPackageProductDependency;
			package = F43A7A342EA7E94C0073DD8E /* XCRemoteSwiftPackageReference "lottie-ios" */;
			productName = Lottie;
		};
		F4E17B532E9E5898005D0B3A /* GoogleMobileAds */ = {
			isa = XCSwiftPackageProductDependency;
			package = F4E17B522E9E5898005D0B3A /* XCRemoteSwiftPackageReference "swift-package-manager-google-mobile-ads" */;
			productName = GoogleMobileAds;
		};
		F4E17B562E9E58E6005D0B3A /* RevenueCat */ = {
			isa = XCSwiftPackageProductDependency;
			package = F4E17B552E9E58E6005D0B3A /* XCRemoteSwiftPackageReference "purchases-ios-spm" */;
			productName = RevenueCat;
		};
		F4E17B592E9E5EE8005D0B3A /* FirebaseAnalytics */ = {
			isa = XCSwiftPackageProductDependency;
			package = F4E17B582E9E5EE8005D0B3A /* XCRemoteSwiftPackageReference "firebase-ios-sdk" */;
			productName = FirebaseAnalytics;
		};
		F4E17B5B2E9E5EE8005D0B3A /* FirebaseCore */ = {
			isa = XCSwiftPackageProductDependency;
			package = F4E17B582E9E5EE8005D0B3A /* XCRemoteSwiftPackageReference "firebase-ios-sdk" */;
			productName = FirebaseCore;
		};
		F4E17B5D2E9E5EE8005D0B3A /* FirebaseCrashlytics */ = {
			isa = XCSwiftPackageProductDependency;
			package = F4E17B582E9E5EE8005D0B3A /* XCRemoteSwiftPackageReference "firebase-ios-sdk" */;
			productName = FirebaseCrashlytics;
		};
		F4E17B5F2E9E5EE8005D0B3A /* FirebaseRemoteConfig */ = {
			isa = XCSwiftPackageProductDependency;
			package = F4E17B582E9E5EE8005D0B3A /* XCRemoteSwiftPackageReference "firebase-ios-sdk" */;
			productName = FirebaseRemoteConfig;
		};
/* End XCSwiftPackageProductDependency section */
	};
	rootObject = F48B71E12E901A6200EF95A7 /* Project object */;
}
